
Microsoft Visual Studio Solution File, Format Version 12.00
# Visual Studio Version 17
VisualStudioVersion = 17.0.31919.166
MinimumVisualStudioVersion = 10.0.40219.1
Project("{2150E333-8FDC-42A3-9474-1A3956D46DE8}") = "03 二次开发", "03 二次开发", "{7562D2C9-CF7D-4631-9D4C-42F4A8325A42}"
EndProject
Project("{9A19103F-16F7-4668-BE54-9A1E7A4F7556}") = "learun.webapi", "learun.webapi\learun.webapi.csproj", "{72FE434E-B48F-4D05-BA62-2B476A9CEC70}"
EndProject
Project("{2150E333-8FDC-42A3-9474-1A3956D46DE8}") = "04 应用服务", "04 应用服务", "{200151CD-0955-43EA-8B0B-1C0F11B864CE}"
EndProject
Project("{2150E333-8FDC-42A3-9474-1A3956D46DE8}") = "demo", "demo", "{39696CA5-F594-46E1-8C8C-CAD2A3AE9659}"
EndProject
Project("{2150E333-8FDC-42A3-9474-1A3956D46DE8}") = "erp", "erp", "{8B3C0EC0-E0CD-47EA-907D-287547064EE1}"
EndProject
Project("{9A19103F-16F7-4668-BE54-9A1E7A4F7556}") = "erp.ibll", "modules\erp\erp.ibll\erp.ibll.csproj", "{382EDF8C-106E-45CF-BE19-F125AC72E87E}"
EndProject
Project("{9A19103F-16F7-4668-BE54-9A1E7A4F7556}") = "erp.bll", "modules\erp\erp.bll\erp.bll.csproj", "{1A4C9281-B365-4F3D-B56B-A9C52B65794D}"
EndProject
Project("{9A19103F-16F7-4668-BE54-9A1E7A4F7556}") = "erp.controllers", "modules\erp\erp.controllers\erp.controllers.csproj", "{3B8E7055-770D-4972-A541-E5177A244E9E}"
EndProject
Project("{9A19103F-16F7-4668-BE54-9A1E7A4F7556}") = "demo.ibll", "modules\demo\demo.ibll\demo.ibll.csproj", "{B921D501-F769-4DE0-9DBA-AB779780BD1A}"
EndProject
Project("{9A19103F-16F7-4668-BE54-9A1E7A4F7556}") = "demo.bll", "modules\demo\demo.bll\demo.bll.csproj", "{D3BEBE31-FB29-4689-8A3D-36C5B887A0DD}"
EndProject
Project("{9A19103F-16F7-4668-BE54-9A1E7A4F7556}") = "demo.controllers", "modules\demo\demo.controllers\demo.controllers.csproj", "{DAD1D594-16C5-40D0-90AD-8CF980683C79}"
EndProject
Project("{2150E333-8FDC-42A3-9474-1A3956D46DE8}") = "oa", "oa", "{EB3A8CB3-4BEE-4BF5-82C0-451AF4B04DDF}"
EndProject
Project("{9A19103F-16F7-4668-BE54-9A1E7A4F7556}") = "oa.ibll", "modules\oa\oa.ibll\oa.ibll.csproj", "{26F23861-8121-4809-81E2-A54FB1011FA8}"
EndProject
Project("{9A19103F-16F7-4668-BE54-9A1E7A4F7556}") = "oa.bll", "modules\oa\oa.bll\oa.bll.csproj", "{B51B395E-26F2-4959-8921-6695F20A4546}"
EndProject
Project("{9A19103F-16F7-4668-BE54-9A1E7A4F7556}") = "oa.controllers", "modules\oa\oa.controllers\oa.controllers.csproj", "{82239781-D5C8-4637-A78B-CCECDFD9D9DF}"
EndProject
Project("{2150E333-8FDC-42A3-9474-1A3956D46DE8}") = "erpCase", "erpCase", "{1CA48B97-0831-4D37-9E62-1E1BE912A306}"
EndProject
Project("{9A19103F-16F7-4668-BE54-9A1E7A4F7556}") = "erpcase.bll", "modules\erpCase\erpcase.bll\erpcase.bll.csproj", "{42A4A10F-ECA6-4E78-9701-7BBB4BF9E11D}"
EndProject
Project("{9A19103F-16F7-4668-BE54-9A1E7A4F7556}") = "erpcase.controllers", "modules\erpCase\erpcase.controllers\erpcase.controllers.csproj", "{812E8DF1-2DE7-4679-9ECB-8169A7364EA7}"
EndProject
Project("{9A19103F-16F7-4668-BE54-9A1E7A4F7556}") = "erpcase.ibll", "modules\erpCase\erpcase.ibll\erpcase.ibll.csproj", "{3C268661-C6E6-4CBE-A91C-BCBC198AE39E}"
EndProject
Project("{2150E333-8FDC-42A3-9474-1A3956D46DE8}") = "mes", "mes", "{AFF0A9E7-59AF-4EA7-A0DB-871ABAF67EF0}"
EndProject
Project("{9A19103F-16F7-4668-BE54-9A1E7A4F7556}") = "mes.bll", "modules\mes\mes.bll\mes.bll.csproj", "{1B2EC5E4-7F92-4E3F-B816-38689F46DA49}"
EndProject
Project("{9A19103F-16F7-4668-BE54-9A1E7A4F7556}") = "mes.controllers", "modules\mes\mes.controllers\mes.controllers.csproj", "{00EBE7F9-7DE1-4629-828A-E5689A6426E9}"
EndProject
Project("{9A19103F-16F7-4668-BE54-9A1E7A4F7556}") = "mes.ibll", "modules\mes\mes.ibll\mes.ibll.csproj", "{F8699ABF-349E-486A-A963-295D2D5A1C13}"
EndProject
Project("{2150E333-8FDC-42A3-9474-1A3956D46DE8}") = "hrattf", "hrattf", "{02EA681E-C7D8-13C7-8484-4AC65E1B71E8}"
EndProject
Project("{FAE04EC0-301F-11D3-BF4B-00C04F79EFBC}") = "hrattf.bll", "modules\hrattf\hrattf.bll\hrattf.bll.csproj", "{72B40CB7-4E35-3A81-E2BA-C0FC4D030D6E}"
EndProject
Project("{FAE04EC0-301F-11D3-BF4B-00C04F79EFBC}") = "hrattf.ibll", "modules\hrattf\hrattf.ibll\hrattf.ibll.csproj", "{107883C1-B1F3-7811-DE67-181225866795}"
EndProject
Project("{FAE04EC0-301F-11D3-BF4B-00C04F79EFBC}") = "hrattf.controllers", "modules\hrattf\hrattf.controllers\hrattf.controllers.csproj", "{101CC32C-753D-0BF2-2658-A1E61CB02101}"
EndProject
Project("{2150E333-8FDC-42A3-9474-1A3956D46DE8}") = "admF005", "admF005", "{1BFE6EA6-A1F2-4920-80E3-4181B3CCF6D9}"
EndProject
Project("{FAE04EC0-301F-11D3-BF4B-00C04F79EFBC}") = "admf005.bll", "modules\admF005\admf005.bll\admf005.bll.csproj", "{7A1EED75-3CE5-A75D-9F62-9A80E713F4F0}"
EndProject
Project("{FAE04EC0-301F-11D3-BF4B-00C04F79EFBC}") = "admf005.controllers", "modules\admF005\admf005.controllers\admf005.controllers.csproj", "{86638E30-37F6-0B62-86B2-F91AB5F24B4A}"
EndProject
Project("{FAE04EC0-301F-11D3-BF4B-00C04F79EFBC}") = "admf005.ibll", "modules\admF005\admf005.ibll\admf005.ibll.csproj", "{77CE45C1-7D22-7F5A-544E-2053AB025A33}"
EndProject
Project("{2150E333-8FDC-42A3-9474-1A3956D46DE8}") = "EMEMO", "EMEMO", "{C38BA235-BB69-4C65-AA31-64EEFA27EB2F}"
EndProject
Project("{FAE04EC0-301F-11D3-BF4B-00C04F79EFBC}") = "EMEMO.bll", "modules\EMEMO\EMEMO.bll\EMEMO.bll.csproj", "{C57C9C9C-ACA7-1CAA-E42C-8B2A5F4E435C}"
EndProject
Project("{FAE04EC0-301F-11D3-BF4B-00C04F79EFBC}") = "EMEMO.controllers", "modules\EMEMO\EMEMO.controllers\EMEMO.controllers.csproj", "{9D0F8D18-697E-0550-9486-219B6A246B17}"
EndProject
Project("{FAE04EC0-301F-11D3-BF4B-00C04F79EFBC}") = "EMEMO.ibll", "modules\EMEMO\EMEMO.ibll\EMEMO.ibll.csproj", "{2F077C12-F212-5708-D7F5-363599D7283B}"
EndProject
Project("{2150E333-8FDC-42A3-9474-1A3956D46DE8}") = "hrattF004", "hrattF004", "{714E7530-305E-4AC8-9296-879188069B73}"
EndProject
Project("{FAE04EC0-301F-11D3-BF4B-00C04F79EFBC}") = "hrattf004.bll", "modules\hrattF004\hrattf004.bll\hrattf004.bll.csproj", "{61ECAFF4-6F61-B638-52E6-270EFA022301}"
EndProject
Project("{FAE04EC0-301F-11D3-BF4B-00C04F79EFBC}") = "hrattf004.controllers", "modules\hrattF004\hrattf004.controllers\hrattf004.controllers.csproj", "{B6ED232C-F92F-EB36-A779-54C00CCEA5E6}"
EndProject
Project("{FAE04EC0-301F-11D3-BF4B-00C04F79EFBC}") = "hrattf004.ibll", "modules\hrattF004\hrattf004.ibll\hrattf004.ibll.csproj", "{E1CBBA5E-7C77-3612-B984-72615A519A1D}"
EndProject
Project("{2150E333-8FDC-42A3-9474-1A3956D46DE8}") = "hrattf008", "hrattf008", "{D359C26D-940E-494E-A584-245FFC1FA375}"
EndProject
Project("{FAE04EC0-301F-11D3-BF4B-00C04F79EFBC}") = "hrattf008.bll", "modules\hrattf008\hrattf008.bll\hrattf008.bll.csproj", "{723481E2-170E-950F-298E-5C283E7CF3F3}"
EndProject
Project("{FAE04EC0-301F-11D3-BF4B-00C04F79EFBC}") = "hrattf008.controllers", "modules\hrattf008\hrattf008.controllers\hrattf008.controllers.csproj", "{19A7D9CE-8245-E807-42C0-B438A90A1690}"
EndProject
Project("{FAE04EC0-301F-11D3-BF4B-00C04F79EFBC}") = "hrattf008.ibll", "modules\hrattf008\hrattf008.ibll\hrattf008.ibll.csproj", "{3508953D-98A2-550E-F7F7-8BBEB950CE18}"
EndProject
Project("{2150E333-8FDC-42A3-9474-1A3956D46DE8}") = "mdDoc", "mdDoc", "{EE178B42-2091-4687-B558-CFEF61C77169}"
EndProject
Project("{FAE04EC0-301F-11D3-BF4B-00C04F79EFBC}") = "mdDoc.bll", "modules\mdDoc\mdDoc.bll\mdDoc.bll.csproj", "{78661EBF-9DEC-7948-574B-3EDAE78E00D9}"
EndProject
Project("{FAE04EC0-301F-11D3-BF4B-00C04F79EFBC}") = "mdDoc.controllers", "modules\mdDoc\mdDoc.controllers\mdDoc.controllers.csproj", "{932C523D-E69C-9AB4-79E9-37BAB75BA4D5}"
EndProject
Project("{FAE04EC0-301F-11D3-BF4B-00C04F79EFBC}") = "mdDoc.ibll", "modules\mdDoc\mdDoc.ibll\mdDoc.ibll.csproj", "{688CCDE1-85FC-8CB9-9D2B-8FB18BDAFBCB}"
EndProject
Project("{2150E333-8FDC-42A3-9474-1A3956D46DE8}") = "zalo", "zalo", "{5E69BDAE-CDD1-43F9-B7EA-7F9C5F4A3BCB}"
EndProject
Project("{FAE04EC0-301F-11D3-BF4B-00C04F79EFBC}") = "zalo.ibll", "modules\zalo\zalo.ibll\zalo.ibll.csproj", "{E56C65E3-06BC-A677-D4EC-C7F89F14850A}"
EndProject
Project("{FAE04EC0-301F-11D3-BF4B-00C04F79EFBC}") = "zalo.bll", "modules\zalo\zalo.bll\zalo.bll.csproj", "{2BBCEE06-AE37-6F59-4ED3-037C1202CBC5}"
EndProject
Project("{FAE04EC0-301F-11D3-BF4B-00C04F79EFBC}") = "zalo.controllers", "modules\zalo\zalo.controllers\zalo.controllers.csproj", "{2934FBC0-580F-6050-18AD-4F8B018CC5DE}"
EndProject
Global
	GlobalSection(SolutionConfigurationPlatforms) = preSolution
		Debug|Any CPU = Debug|Any CPU
		Release|Any CPU = Release|Any CPU
	EndGlobalSection
	GlobalSection(ProjectConfigurationPlatforms) = postSolution
		{72FE434E-B48F-4D05-BA62-2B476A9CEC70}.Debug|Any CPU.ActiveCfg = Debug|Any CPU
		{72FE434E-B48F-4D05-BA62-2B476A9CEC70}.Debug|Any CPU.Build.0 = Debug|Any CPU
		{72FE434E-B48F-4D05-BA62-2B476A9CEC70}.Release|Any CPU.ActiveCfg = Release|Any CPU
		{72FE434E-B48F-4D05-BA62-2B476A9CEC70}.Release|Any CPU.Build.0 = Release|Any CPU
		{382EDF8C-106E-45CF-BE19-F125AC72E87E}.Debug|Any CPU.ActiveCfg = Debug|Any CPU
		{382EDF8C-106E-45CF-BE19-F125AC72E87E}.Debug|Any CPU.Build.0 = Debug|Any CPU
		{382EDF8C-106E-45CF-BE19-F125AC72E87E}.Release|Any CPU.ActiveCfg = Release|Any CPU
		{382EDF8C-106E-45CF-BE19-F125AC72E87E}.Release|Any CPU.Build.0 = Release|Any CPU
		{1A4C9281-B365-4F3D-B56B-A9C52B65794D}.Debug|Any CPU.ActiveCfg = Debug|Any CPU
		{1A4C9281-B365-4F3D-B56B-A9C52B65794D}.Debug|Any CPU.Build.0 = Debug|Any CPU
		{1A4C9281-B365-4F3D-B56B-A9C52B65794D}.Release|Any CPU.ActiveCfg = Release|Any CPU
		{1A4C9281-B365-4F3D-B56B-A9C52B65794D}.Release|Any CPU.Build.0 = Release|Any CPU
		{3B8E7055-770D-4972-A541-E5177A244E9E}.Debug|Any CPU.ActiveCfg = Debug|Any CPU
		{3B8E7055-770D-4972-A541-E5177A244E9E}.Debug|Any CPU.Build.0 = Debug|Any CPU
		{3B8E7055-770D-4972-A541-E5177A244E9E}.Release|Any CPU.ActiveCfg = Release|Any CPU
		{3B8E7055-770D-4972-A541-E5177A244E9E}.Release|Any CPU.Build.0 = Release|Any CPU
		{B921D501-F769-4DE0-9DBA-AB779780BD1A}.Debug|Any CPU.ActiveCfg = Debug|Any CPU
		{B921D501-F769-4DE0-9DBA-AB779780BD1A}.Debug|Any CPU.Build.0 = Debug|Any CPU
		{B921D501-F769-4DE0-9DBA-AB779780BD1A}.Release|Any CPU.ActiveCfg = Release|Any CPU
		{B921D501-F769-4DE0-9DBA-AB779780BD1A}.Release|Any CPU.Build.0 = Release|Any CPU
		{D3BEBE31-FB29-4689-8A3D-36C5B887A0DD}.Debug|Any CPU.ActiveCfg = Debug|Any CPU
		{D3BEBE31-FB29-4689-8A3D-36C5B887A0DD}.Debug|Any CPU.Build.0 = Debug|Any CPU
		{D3BEBE31-FB29-4689-8A3D-36C5B887A0DD}.Release|Any CPU.ActiveCfg = Release|Any CPU
		{D3BEBE31-FB29-4689-8A3D-36C5B887A0DD}.Release|Any CPU.Build.0 = Release|Any CPU
		{DAD1D594-16C5-40D0-90AD-8CF980683C79}.Debug|Any CPU.ActiveCfg = Debug|Any CPU
		{DAD1D594-16C5-40D0-90AD-8CF980683C79}.Debug|Any CPU.Build.0 = Debug|Any CPU
		{DAD1D594-16C5-40D0-90AD-8CF980683C79}.Release|Any CPU.ActiveCfg = Release|Any CPU
		{DAD1D594-16C5-40D0-90AD-8CF980683C79}.Release|Any CPU.Build.0 = Release|Any CPU
		{26F23861-8121-4809-81E2-A54FB1011FA8}.Debug|Any CPU.ActiveCfg = Debug|Any CPU
		{26F23861-8121-4809-81E2-A54FB1011FA8}.Debug|Any CPU.Build.0 = Debug|Any CPU
		{26F23861-8121-4809-81E2-A54FB1011FA8}.Release|Any CPU.ActiveCfg = Release|Any CPU
		{26F23861-8121-4809-81E2-A54FB1011FA8}.Release|Any CPU.Build.0 = Release|Any CPU
		{B51B395E-26F2-4959-8921-6695F20A4546}.Debug|Any CPU.ActiveCfg = Debug|Any CPU
		{B51B395E-26F2-4959-8921-6695F20A4546}.Debug|Any CPU.Build.0 = Debug|Any CPU
		{B51B395E-26F2-4959-8921-6695F20A4546}.Release|Any CPU.ActiveCfg = Release|Any CPU
		{B51B395E-26F2-4959-8921-6695F20A4546}.Release|Any CPU.Build.0 = Release|Any CPU
		{82239781-D5C8-4637-A78B-CCECDFD9D9DF}.Debug|Any CPU.ActiveCfg = Debug|Any CPU
		{82239781-D5C8-4637-A78B-CCECDFD9D9DF}.Debug|Any CPU.Build.0 = Debug|Any CPU
		{82239781-D5C8-4637-A78B-CCECDFD9D9DF}.Release|Any CPU.ActiveCfg = Release|Any CPU
		{82239781-D5C8-4637-A78B-CCECDFD9D9DF}.Release|Any CPU.Build.0 = Release|Any CPU
		{42A4A10F-ECA6-4E78-9701-7BBB4BF9E11D}.Debug|Any CPU.ActiveCfg = Debug|Any CPU
		{42A4A10F-ECA6-4E78-9701-7BBB4BF9E11D}.Debug|Any CPU.Build.0 = Debug|Any CPU
		{42A4A10F-ECA6-4E78-9701-7BBB4BF9E11D}.Release|Any CPU.ActiveCfg = Release|Any CPU
		{42A4A10F-ECA6-4E78-9701-7BBB4BF9E11D}.Release|Any CPU.Build.0 = Release|Any CPU
		{812E8DF1-2DE7-4679-9ECB-8169A7364EA7}.Debug|Any CPU.ActiveCfg = Debug|Any CPU
		{812E8DF1-2DE7-4679-9ECB-8169A7364EA7}.Debug|Any CPU.Build.0 = Debug|Any CPU
		{812E8DF1-2DE7-4679-9ECB-8169A7364EA7}.Release|Any CPU.ActiveCfg = Release|Any CPU
		{812E8DF1-2DE7-4679-9ECB-8169A7364EA7}.Release|Any CPU.Build.0 = Release|Any CPU
		{3C268661-C6E6-4CBE-A91C-BCBC198AE39E}.Debug|Any CPU.ActiveCfg = Debug|Any CPU
		{3C268661-C6E6-4CBE-A91C-BCBC198AE39E}.Debug|Any CPU.Build.0 = Debug|Any CPU
		{3C268661-C6E6-4CBE-A91C-BCBC198AE39E}.Release|Any CPU.ActiveCfg = Release|Any CPU
		{3C268661-C6E6-4CBE-A91C-BCBC198AE39E}.Release|Any CPU.Build.0 = Release|Any CPU
		{1B2EC5E4-7F92-4E3F-B816-38689F46DA49}.Debug|Any CPU.ActiveCfg = Debug|Any CPU
		{1B2EC5E4-7F92-4E3F-B816-38689F46DA49}.Debug|Any CPU.Build.0 = Debug|Any CPU
		{1B2EC5E4-7F92-4E3F-B816-38689F46DA49}.Release|Any CPU.ActiveCfg = Release|Any CPU
		{1B2EC5E4-7F92-4E3F-B816-38689F46DA49}.Release|Any CPU.Build.0 = Release|Any CPU
		{00EBE7F9-7DE1-4629-828A-E5689A6426E9}.Debug|Any CPU.ActiveCfg = Debug|Any CPU
		{00EBE7F9-7DE1-4629-828A-E5689A6426E9}.Debug|Any CPU.Build.0 = Debug|Any CPU
		{00EBE7F9-7DE1-4629-828A-E5689A6426E9}.Release|Any CPU.ActiveCfg = Release|Any CPU
		{00EBE7F9-7DE1-4629-828A-E5689A6426E9}.Release|Any CPU.Build.0 = Release|Any CPU
		{F8699ABF-349E-486A-A963-295D2D5A1C13}.Debug|Any CPU.ActiveCfg = Debug|Any CPU
		{F8699ABF-349E-486A-A963-295D2D5A1C13}.Debug|Any CPU.Build.0 = Debug|Any CPU
		{F8699ABF-349E-486A-A963-295D2D5A1C13}.Release|Any CPU.ActiveCfg = Release|Any CPU
		{F8699ABF-349E-486A-A963-295D2D5A1C13}.Release|Any CPU.Build.0 = Release|Any CPU
		{72B40CB7-4E35-3A81-E2BA-C0FC4D030D6E}.Debug|Any CPU.ActiveCfg = Debug|Any CPU
		{72B40CB7-4E35-3A81-E2BA-C0FC4D030D6E}.Debug|Any CPU.Build.0 = Debug|Any CPU
		{72B40CB7-4E35-3A81-E2BA-C0FC4D030D6E}.Release|Any CPU.ActiveCfg = Release|Any CPU
		{72B40CB7-4E35-3A81-E2BA-C0FC4D030D6E}.Release|Any CPU.Build.0 = Release|Any CPU
		{107883C1-B1F3-7811-DE67-181225866795}.Debug|Any CPU.ActiveCfg = Debug|Any CPU
		{107883C1-B1F3-7811-DE67-181225866795}.Debug|Any CPU.Build.0 = Debug|Any CPU
		{107883C1-B1F3-7811-DE67-181225866795}.Release|Any CPU.ActiveCfg = Release|Any CPU
		{107883C1-B1F3-7811-DE67-181225866795}.Release|Any CPU.Build.0 = Release|Any CPU
		{101CC32C-753D-0BF2-2658-A1E61CB02101}.Debug|Any CPU.ActiveCfg = Debug|Any CPU
		{101CC32C-753D-0BF2-2658-A1E61CB02101}.Debug|Any CPU.Build.0 = Debug|Any CPU
		{101CC32C-753D-0BF2-2658-A1E61CB02101}.Release|Any CPU.ActiveCfg = Release|Any CPU
		{101CC32C-753D-0BF2-2658-A1E61CB02101}.Release|Any CPU.Build.0 = Release|Any CPU
		{7A1EED75-3CE5-A75D-9F62-9A80E713F4F0}.Debug|Any CPU.ActiveCfg = Debug|Any CPU
		{7A1EED75-3CE5-A75D-9F62-9A80E713F4F0}.Debug|Any CPU.Build.0 = Debug|Any CPU
		{7A1EED75-3CE5-A75D-9F62-9A80E713F4F0}.Release|Any CPU.ActiveCfg = Release|Any CPU
		{7A1EED75-3CE5-A75D-9F62-9A80E713F4F0}.Release|Any CPU.Build.0 = Release|Any CPU
		{86638E30-37F6-0B62-86B2-F91AB5F24B4A}.Debug|Any CPU.ActiveCfg = Debug|Any CPU
		{86638E30-37F6-0B62-86B2-F91AB5F24B4A}.Debug|Any CPU.Build.0 = Debug|Any CPU
		{86638E30-37F6-0B62-86B2-F91AB5F24B4A}.Release|Any CPU.ActiveCfg = Release|Any CPU
		{86638E30-37F6-0B62-86B2-F91AB5F24B4A}.Release|Any CPU.Build.0 = Release|Any CPU
		{77CE45C1-7D22-7F5A-544E-2053AB025A33}.Debug|Any CPU.ActiveCfg = Debug|Any CPU
		{77CE45C1-7D22-7F5A-544E-2053AB025A33}.Debug|Any CPU.Build.0 = Debug|Any CPU
		{77CE45C1-7D22-7F5A-544E-2053AB025A33}.Release|Any CPU.ActiveCfg = Release|Any CPU
		{77CE45C1-7D22-7F5A-544E-2053AB025A33}.Release|Any CPU.Build.0 = Release|Any CPU
		{C57C9C9C-ACA7-1CAA-E42C-8B2A5F4E435C}.Debug|Any CPU.ActiveCfg = Debug|Any CPU
		{C57C9C9C-ACA7-1CAA-E42C-8B2A5F4E435C}.Debug|Any CPU.Build.0 = Debug|Any CPU
		{C57C9C9C-ACA7-1CAA-E42C-8B2A5F4E435C}.Release|Any CPU.ActiveCfg = Release|Any CPU
		{C57C9C9C-ACA7-1CAA-E42C-8B2A5F4E435C}.Release|Any CPU.Build.0 = Release|Any CPU
		{9D0F8D18-697E-0550-9486-219B6A246B17}.Debug|Any CPU.ActiveCfg = Debug|Any CPU
		{9D0F8D18-697E-0550-9486-219B6A246B17}.Debug|Any CPU.Build.0 = Debug|Any CPU
		{9D0F8D18-697E-0550-9486-219B6A246B17}.Release|Any CPU.ActiveCfg = Release|Any CPU
		{9D0F8D18-697E-0550-9486-219B6A246B17}.Release|Any CPU.Build.0 = Release|Any CPU
		{2F077C12-F212-5708-D7F5-363599D7283B}.Debug|Any CPU.ActiveCfg = Debug|Any CPU
		{2F077C12-F212-5708-D7F5-363599D7283B}.Debug|Any CPU.Build.0 = Debug|Any CPU
		{2F077C12-F212-5708-D7F5-363599D7283B}.Release|Any CPU.ActiveCfg = Release|Any CPU
		{2F077C12-F212-5708-D7F5-363599D7283B}.Release|Any CPU.Build.0 = Release|Any CPU
		{61ECAFF4-6F61-B638-52E6-270EFA022301}.Debug|Any CPU.ActiveCfg = Debug|Any CPU
		{61ECAFF4-6F61-B638-52E6-270EFA022301}.Debug|Any CPU.Build.0 = Debug|Any CPU
		{61ECAFF4-6F61-B638-52E6-270EFA022301}.Release|Any CPU.ActiveCfg = Release|Any CPU
		{61ECAFF4-6F61-B638-52E6-270EFA022301}.Release|Any CPU.Build.0 = Release|Any CPU
		{B6ED232C-F92F-EB36-A779-54C00CCEA5E6}.Debug|Any CPU.ActiveCfg = Debug|Any CPU
		{B6ED232C-F92F-EB36-A779-54C00CCEA5E6}.Debug|Any CPU.Build.0 = Debug|Any CPU
		{B6ED232C-F92F-EB36-A779-54C00CCEA5E6}.Release|Any CPU.ActiveCfg = Release|Any CPU
		{B6ED232C-F92F-EB36-A779-54C00CCEA5E6}.Release|Any CPU.Build.0 = Release|Any CPU
		{E1CBBA5E-7C77-3612-B984-72615A519A1D}.Debug|Any CPU.ActiveCfg = Debug|Any CPU
		{E1CBBA5E-7C77-3612-B984-72615A519A1D}.Debug|Any CPU.Build.0 = Debug|Any CPU
		{E1CBBA5E-7C77-3612-B984-72615A519A1D}.Release|Any CPU.ActiveCfg = Release|Any CPU
		{E1CBBA5E-7C77-3612-B984-72615A519A1D}.Release|Any CPU.Build.0 = Release|Any CPU
		{723481E2-170E-950F-298E-5C283E7CF3F3}.Debug|Any CPU.ActiveCfg = Debug|Any CPU
		{723481E2-170E-950F-298E-5C283E7CF3F3}.Debug|Any CPU.Build.0 = Debug|Any CPU
		{723481E2-170E-950F-298E-5C283E7CF3F3}.Release|Any CPU.ActiveCfg = Release|Any CPU
		{723481E2-170E-950F-298E-5C283E7CF3F3}.Release|Any CPU.Build.0 = Release|Any CPU
		{19A7D9CE-8245-E807-42C0-B438A90A1690}.Debug|Any CPU.ActiveCfg = Debug|Any CPU
		{19A7D9CE-8245-E807-42C0-B438A90A1690}.Debug|Any CPU.Build.0 = Debug|Any CPU
		{19A7D9CE-8245-E807-42C0-B438A90A1690}.Release|Any CPU.ActiveCfg = Release|Any CPU
		{19A7D9CE-8245-E807-42C0-B438A90A1690}.Release|Any CPU.Build.0 = Release|Any CPU
		{3508953D-98A2-550E-F7F7-8BBEB950CE18}.Debug|Any CPU.ActiveCfg = Debug|Any CPU
		{3508953D-98A2-550E-F7F7-8BBEB950CE18}.Debug|Any CPU.Build.0 = Debug|Any CPU
		{3508953D-98A2-550E-F7F7-8BBEB950CE18}.Release|Any CPU.ActiveCfg = Release|Any CPU
		{3508953D-98A2-550E-F7F7-8BBEB950CE18}.Release|Any CPU.Build.0 = Release|Any CPU
		{78661EBF-9DEC-7948-574B-3EDAE78E00D9}.Debug|Any CPU.ActiveCfg = Debug|Any CPU
		{78661EBF-9DEC-7948-574B-3EDAE78E00D9}.Debug|Any CPU.Build.0 = Debug|Any CPU
		{78661EBF-9DEC-7948-574B-3EDAE78E00D9}.Release|Any CPU.ActiveCfg = Release|Any CPU
		{78661EBF-9DEC-7948-574B-3EDAE78E00D9}.Release|Any CPU.Build.0 = Release|Any CPU
		{932C523D-E69C-9AB4-79E9-37BAB75BA4D5}.Debug|Any CPU.ActiveCfg = Debug|Any CPU
		{932C523D-E69C-9AB4-79E9-37BAB75BA4D5}.Debug|Any CPU.Build.0 = Debug|Any CPU
		{932C523D-E69C-9AB4-79E9-37BAB75BA4D5}.Release|Any CPU.ActiveCfg = Release|Any CPU
		{932C523D-E69C-9AB4-79E9-37BAB75BA4D5}.Release|Any CPU.Build.0 = Release|Any CPU
		{688CCDE1-85FC-8CB9-9D2B-8FB18BDAFBCB}.Debug|Any CPU.ActiveCfg = Debug|Any CPU
		{688CCDE1-85FC-8CB9-9D2B-8FB18BDAFBCB}.Debug|Any CPU.Build.0 = Debug|Any CPU
		{688CCDE1-85FC-8CB9-9D2B-8FB18BDAFBCB}.Release|Any CPU.ActiveCfg = Release|Any CPU
		{688CCDE1-85FC-8CB9-9D2B-8FB18BDAFBCB}.Release|Any CPU.Build.0 = Release|Any CPU
		{E56C65E3-06BC-A677-D4EC-C7F89F14850A}.Debug|Any CPU.ActiveCfg = Debug|Any CPU
		{E56C65E3-06BC-A677-D4EC-C7F89F14850A}.Debug|Any CPU.Build.0 = Debug|Any CPU
		{E56C65E3-06BC-A677-D4EC-C7F89F14850A}.Release|Any CPU.ActiveCfg = Release|Any CPU
		{E56C65E3-06BC-A677-D4EC-C7F89F14850A}.Release|Any CPU.Build.0 = Release|Any CPU
		{2BBCEE06-AE37-6F59-4ED3-037C1202CBC5}.Debug|Any CPU.ActiveCfg = Debug|Any CPU
		{2BBCEE06-AE37-6F59-4ED3-037C1202CBC5}.Debug|Any CPU.Build.0 = Debug|Any CPU
		{2BBCEE06-AE37-6F59-4ED3-037C1202CBC5}.Release|Any CPU.ActiveCfg = Release|Any CPU
		{2BBCEE06-AE37-6F59-4ED3-037C1202CBC5}.Release|Any CPU.Build.0 = Release|Any CPU
		{2934FBC0-580F-6050-18AD-4F8B018CC5DE}.Debug|Any CPU.ActiveCfg = Debug|Any CPU
		{2934FBC0-580F-6050-18AD-4F8B018CC5DE}.Debug|Any CPU.Build.0 = Debug|Any CPU
		{2934FBC0-580F-6050-18AD-4F8B018CC5DE}.Release|Any CPU.ActiveCfg = Release|Any CPU
		{2934FBC0-580F-6050-18AD-4F8B018CC5DE}.Release|Any CPU.Build.0 = Release|Any CPU
	EndGlobalSection
	GlobalSection(SolutionProperties) = preSolution
		HideSolutionNode = FALSE
	EndGlobalSection
	GlobalSection(NestedProjects) = preSolution
		{72FE434E-B48F-4D05-BA62-2B476A9CEC70} = {200151CD-0955-43EA-8B0B-1C0F11B864CE}
		{39696CA5-F594-46E1-8C8C-CAD2A3AE9659} = {7562D2C9-CF7D-4631-9D4C-42F4A8325A42}
		{8B3C0EC0-E0CD-47EA-907D-287547064EE1} = {7562D2C9-CF7D-4631-9D4C-42F4A8325A42}
		{382EDF8C-106E-45CF-BE19-F125AC72E87E} = {8B3C0EC0-E0CD-47EA-907D-287547064EE1}
		{1A4C9281-B365-4F3D-B56B-A9C52B65794D} = {8B3C0EC0-E0CD-47EA-907D-287547064EE1}
		{3B8E7055-770D-4972-A541-E5177A244E9E} = {8B3C0EC0-E0CD-47EA-907D-287547064EE1}
		{B921D501-F769-4DE0-9DBA-AB779780BD1A} = {39696CA5-F594-46E1-8C8C-CAD2A3AE9659}
		{D3BEBE31-FB29-4689-8A3D-36C5B887A0DD} = {39696CA5-F594-46E1-8C8C-CAD2A3AE9659}
		{DAD1D594-16C5-40D0-90AD-8CF980683C79} = {39696CA5-F594-46E1-8C8C-CAD2A3AE9659}
		{EB3A8CB3-4BEE-4BF5-82C0-451AF4B04DDF} = {7562D2C9-CF7D-4631-9D4C-42F4A8325A42}
		{26F23861-8121-4809-81E2-A54FB1011FA8} = {EB3A8CB3-4BEE-4BF5-82C0-451AF4B04DDF}
		{B51B395E-26F2-4959-8921-6695F20A4546} = {EB3A8CB3-4BEE-4BF5-82C0-451AF4B04DDF}
		{82239781-D5C8-4637-A78B-CCECDFD9D9DF} = {EB3A8CB3-4BEE-4BF5-82C0-451AF4B04DDF}
		{1CA48B97-0831-4D37-9E62-1E1BE912A306} = {7562D2C9-CF7D-4631-9D4C-42F4A8325A42}
		{42A4A10F-ECA6-4E78-9701-7BBB4BF9E11D} = {1CA48B97-0831-4D37-9E62-1E1BE912A306}
		{812E8DF1-2DE7-4679-9ECB-8169A7364EA7} = {1CA48B97-0831-4D37-9E62-1E1BE912A306}
		{3C268661-C6E6-4CBE-A91C-BCBC198AE39E} = {1CA48B97-0831-4D37-9E62-1E1BE912A306}
		{AFF0A9E7-59AF-4EA7-A0DB-871ABAF67EF0} = {7562D2C9-CF7D-4631-9D4C-42F4A8325A42}
		{1B2EC5E4-7F92-4E3F-B816-38689F46DA49} = {AFF0A9E7-59AF-4EA7-A0DB-871ABAF67EF0}
		{00EBE7F9-7DE1-4629-828A-E5689A6426E9} = {AFF0A9E7-59AF-4EA7-A0DB-871ABAF67EF0}
		{F8699ABF-349E-486A-A963-295D2D5A1C13} = {AFF0A9E7-59AF-4EA7-A0DB-871ABAF67EF0}
		{02EA681E-C7D8-13C7-8484-4AC65E1B71E8} = {7562D2C9-CF7D-4631-9D4C-42F4A8325A42}
		{72B40CB7-4E35-3A81-E2BA-C0FC4D030D6E} = {02EA681E-C7D8-13C7-8484-4AC65E1B71E8}
		{107883C1-B1F3-7811-DE67-181225866795} = {02EA681E-C7D8-13C7-8484-4AC65E1B71E8}
		{101CC32C-753D-0BF2-2658-A1E61CB02101} = {02EA681E-C7D8-13C7-8484-4AC65E1B71E8}
		{1BFE6EA6-A1F2-4920-80E3-4181B3CCF6D9} = {7562D2C9-CF7D-4631-9D4C-42F4A8325A42}
		{7A1EED75-3CE5-A75D-9F62-9A80E713F4F0} = {1BFE6EA6-A1F2-4920-80E3-4181B3CCF6D9}
		{86638E30-37F6-0B62-86B2-F91AB5F24B4A} = {1BFE6EA6-A1F2-4920-80E3-4181B3CCF6D9}
		{77CE45C1-7D22-7F5A-544E-2053AB025A33} = {1BFE6EA6-A1F2-4920-80E3-4181B3CCF6D9}
		{C38BA235-BB69-4C65-AA31-64EEFA27EB2F} = {7562D2C9-CF7D-4631-9D4C-42F4A8325A42}
		{C57C9C9C-ACA7-1CAA-E42C-8B2A5F4E435C} = {C38BA235-BB69-4C65-AA31-64EEFA27EB2F}
		{9D0F8D18-697E-0550-9486-219B6A246B17} = {C38BA235-BB69-4C65-AA31-64EEFA27EB2F}
		{2F077C12-F212-5708-D7F5-363599D7283B} = {C38BA235-BB69-4C65-AA31-64EEFA27EB2F}
		{714E7530-305E-4AC8-9296-879188069B73} = {7562D2C9-CF7D-4631-9D4C-42F4A8325A42}
		{61ECAFF4-6F61-B638-52E6-270EFA022301} = {714E7530-305E-4AC8-9296-879188069B73}
		{B6ED232C-F92F-EB36-A779-54C00CCEA5E6} = {714E7530-305E-4AC8-9296-879188069B73}
		{E1CBBA5E-7C77-3612-B984-72615A519A1D} = {714E7530-305E-4AC8-9296-879188069B73}
		{D359C26D-940E-494E-A584-245FFC1FA375} = {7562D2C9-CF7D-4631-9D4C-42F4A8325A42}
		{723481E2-170E-950F-298E-5C283E7CF3F3} = {D359C26D-940E-494E-A584-245FFC1FA375}
		{19A7D9CE-8245-E807-42C0-B438A90A1690} = {D359C26D-940E-494E-A584-245FFC1FA375}
		{3508953D-98A2-550E-F7F7-8BBEB950CE18} = {D359C26D-940E-494E-A584-245FFC1FA375}
		{EE178B42-2091-4687-B558-CFEF61C77169} = {7562D2C9-CF7D-4631-9D4C-42F4A8325A42}
		{78661EBF-9DEC-7948-574B-3EDAE78E00D9} = {EE178B42-2091-4687-B558-CFEF61C77169}
		{932C523D-E69C-9AB4-79E9-37BAB75BA4D5} = {EE178B42-2091-4687-B558-CFEF61C77169}
		{688CCDE1-85FC-8CB9-9D2B-8FB18BDAFBCB} = {EE178B42-2091-4687-B558-CFEF61C77169}
		{5E69BDAE-CDD1-43F9-B7EA-7F9C5F4A3BCB} = {7562D2C9-CF7D-4631-9D4C-42F4A8325A42}
		{E56C65E3-06BC-A677-D4EC-C7F89F14850A} = {5E69BDAE-CDD1-43F9-B7EA-7F9C5F4A3BCB}
		{2BBCEE06-AE37-6F59-4ED3-037C1202CBC5} = {5E69BDAE-CDD1-43F9-B7EA-7F9C5F4A3BCB}
		{2934FBC0-580F-6050-18AD-4F8B018CC5DE} = {5E69BDAE-CDD1-43F9-B7EA-7F9C5F4A3BCB}
	EndGlobalSection
	GlobalSection(ExtensibilityGlobals) = postSolution
		SolutionGuid = {999D4CF8-011D-41FE-9300-A92AEC6917D2}
	EndGlobalSection
EndGlobal
